
Microsoft Visual Studio Solution File, Format Version 9.00
# Visual Studio 2005
Project("{E24C65DC-7377-472B-9ABA-BC803B73C61A}") = "E:\...\CustomerServiceDesk\", ".", "{2DD69593-35C9-4714-8CDB-5F909EA4CFC0}"
	ProjectSection(WebsiteProperties) = preProject
		Debug.AspNetCompiler.VirtualPath = "/CustomerServiceDesk"
		Debug.AspNetCompiler.PhysicalPath = "G:\projects\Customer Service Desk\CustomerServiceDesk_Over\CustomerServiceDesk\"
		Debug.AspNetCompiler.TargetPath = "PrecompiledWeb\CustomerServiceDesk\"
		Debug.AspNetCompiler.Updateable = "true"
		Debug.AspNetCompiler.ForceOverwrite = "true"
		Debug.AspNetCompiler.FixedNames = "false"
		Debug.AspNetCompiler.Debug = "True"
		Release.AspNetCompiler.VirtualPath = "/CustomerServiceDesk"
		Release.AspNetCompiler.PhysicalPath = "G:\projects\Customer Service Desk\CustomerServiceDesk_Over\CustomerServiceDesk\"
		Release.AspNetCompiler.TargetPath = "PrecompiledWeb\CustomerServiceDesk\"
		Release.AspNetCompiler.Updateable = "true"
		Release.AspNetCompiler.ForceOverwrite = "true"
		Release.AspNetCompiler.FixedNames = "false"
		Release.AspNetCompiler.Debug = "False"
		VWDPort = "4621"
	EndProjectSection
EndProject
Global
	GlobalSection(SolutionConfigurationPlatforms) = preSolution
		Debug|.NET = Debug|.NET
	EndGlobalSection
	GlobalSection(ProjectConfigurationPlatforms) = postSolution
		{2DD69593-35C9-4714-8CDB-5F909EA4CFC0}.Debug|.NET.ActiveCfg = Debug|.NET
		{2DD69593-35C9-4714-8CDB-5F909EA4CFC0}.Debug|.NET.Build.0 = Debug|.NET
	EndGlobalSection
	GlobalSection(SolutionProperties) = preSolution
		HideSolutionNode = FALSE
	EndGlobalSection
EndGlobal
